
Microsoft Visual Studio Solution File, Format Version 12.00
Project("{FAE04EC0-301F-11D3-BF4B-00C04F79EFBC}") = "TelegramPortfolioBot", "TelegramPortfolioBot\TelegramPortfolioBot.csproj", "{193B4E6F-124D-48DC-80AD-C9DB0AB25F55}"
EndProject
Project("{FAE04EC0-301F-11D3-BF4B-00C04F79EFBC}") = "Service", "Service\Service.csproj", "{DF8BE012-F77E-451A-9E42-A9DAF1A0F94F}"
EndProject
Project("{2150E333-8FDC-42A3-9474-1A3956D46DE8}") = "Solution Items", "Solution Items", "{DFDD1B5F-6369-4319-9E00-EC700A59E578}"
	ProjectSection(SolutionItems) = preProject
		docker-compose.yml = docker-compose.yml
	EndProjectSection
EndProject
Global
	GlobalSection(SolutionConfigurationPlatforms) = preSolution
		Debug|Any CPU = Debug|Any CPU
		Release|Any CPU = Release|Any CPU
	EndGlobalSection
	GlobalSection(ProjectConfigurationPlatforms) = postSolution
		{193B4E6F-124D-48DC-80AD-C9DB0AB25F55}.Debug|Any CPU.ActiveCfg = Debug|Any CPU
		{193B4E6F-124D-48DC-80AD-C9DB0AB25F55}.Debug|Any CPU.Build.0 = Debug|Any CPU
		{193B4E6F-124D-48DC-80AD-C9DB0AB25F55}.Release|Any CPU.ActiveCfg = Release|Any CPU
		{193B4E6F-124D-48DC-80AD-C9DB0AB25F55}.Release|Any CPU.Build.0 = Release|Any CPU
		{DF8BE012-F77E-451A-9E42-A9DAF1A0F94F}.Debug|Any CPU.ActiveCfg = Debug|Any CPU
		{DF8BE012-F77E-451A-9E42-A9DAF1A0F94F}.Debug|Any CPU.Build.0 = Debug|Any CPU
		{DF8BE012-F77E-451A-9E42-A9DAF1A0F94F}.Release|Any CPU.ActiveCfg = Release|Any CPU
		{DF8BE012-F77E-451A-9E42-A9DAF1A0F94F}.Release|Any CPU.Build.0 = Release|Any CPU
	EndGlobalSection
EndGlobal
